
Microsoft Visual Studio Solution File, Format Version 12.00
# Visual Studio Version 16
VisualStudioVersion = 16.0.809.10
MinimumVisualStudioVersion = 10.0.40219.1
Project("{FAE04EC0-301F-11D3-BF4B-00C04F79EFBC}") = "ReactSImpleRestAPI", "ReactSImpleRestAPI.csproj", "{A45C7DC5-8C86-4545-8392-5DCD598CE6AE}"
EndProject
Global
	GlobalSection(SolutionConfigurationPlatforms) = preSolution
		Debug|Any CPU = Debug|Any CPU
		Release|Any CPU = Release|Any CPU
	EndGlobalSection
	GlobalSection(ProjectConfigurationPlatforms) = postSolution
		{A45C7DC5-8C86-4545-8392-5DCD598CE6AE}.Debug|Any CPU.ActiveCfg = Debug|Any CPU
		{A45C7DC5-8C86-4545-8392-5DCD598CE6AE}.Debug|Any CPU.Build.0 = Debug|Any CPU
		{A45C7DC5-8C86-4545-8392-5DCD598CE6AE}.Release|Any CPU.ActiveCfg = Release|Any CPU
		{A45C7DC5-8C86-4545-8392-5DCD598CE6AE}.Release|Any CPU.Build.0 = Release|Any CPU
	EndGlobalSection
	GlobalSection(SolutionProperties) = preSolution
		HideSolutionNode = FALSE
	EndGlobalSection
	GlobalSection(ExtensibilityGlobals) = postSolution
		SolutionGuid = {3DF1A983-1806-463B-B246-D26BBCA3D8C1}
	EndGlobalSection
EndGlobal
